<?xml version="1.0" encoding="utf-8"?>
<Project ToolsVersion="4.0" xmlns="http://schemas.microsoft.com/developer/msbuild/2003">
  <ItemGroup>
    <Filter Include="Source Files">
      <UniqueIdentifier>{B5D37CD9-FA4B-4529-9F0D-5A78B6D7C03C}</UniqueIdentifier>
      <Extensions>cpp;c;cxx;cc</Extensions>
    </Filter>
    <Filter Include="Header Files">
      <UniqueIdentifier>{DA5851B4-3D18-4C59-B902-83FC5D3B68FA}</UniqueIdentifier>
      <Extensions>h;hpp;inl</Extensions>
    </Filter>
    <Filter Include="Resources">
      <UniqueIdentifier>{A8248F4F-BD49-42E9-8CC5-88531FBC15E8}</UniqueIdentifier>
      <Extensions>rc;ico;cur;bmp;manifest</Extensions>
    </Filter>
    <Filter Include="Docs">
      <UniqueIdentifier>{47E6F8B4-0D71-48D2-9A51-D01D7D807E91}</UniqueIdentifier>
    </Filter>
  </ItemGroup>
  <ItemGroup>
    <ClInclude Include="src\app_state.h">
      <Filter>Header Files</Filter>
    </ClInclude>
    <ClInclude Include="src\auth.h">
      <Filter>Header Files</Filter>
    </ClInclude>
    <ClInclude Include="src\call_ui.h">
      <Filter>Header Files</Filter>
    </ClInclude>
    <ClInclude Include="src\chat.h">
      <Filter>Header Files</Filter>
    </ClInclude>
    <ClInclude Include="src\common.h">
      <Filter>Header Files</Filter>
    </ClInclude>
    <ClInclude Include="src\database.h">
      <Filter>Header Files</Filter>
    </ClInclude>
    <ClInclude Include="src\layout_engine.h">
      <Filter>Header Files</Filter>
    </ClInclude>
    <ClInclude Include="src\media.h">
      <Filter>Header Files</Filter>
    </ClInclude>
    <ClInclude Include="src\models.h">
      <Filter>Header Files</Filter>
    </ClInclude>
    <ClInclude Include="src\network.h">
      <Filter>Header Files</Filter>
    </ClInclude>
    <ClInclude Include="src\notifications.h">
      <Filter>Header Files</Filter>
    </ClInclude>
    <ClInclude Include="src\render.h">
      <Filter>Header Files</Filter>
    </ClInclude>
    <ClInclude Include="src\socketio.h">
      <Filter>Header Files</Filter>
    </ClInclude>
    <ClInclude Include="src\theme.h">
      <Filter>Header Files</Filter>
    </ClInclude>
    <ClInclude Include="src\ui_components.h">
      <Filter>Header Files</Filter>
    </ClInclude>
    <ClInclude Include="src\webrtc.h">
      <Filter>Header Files</Filter>
    </ClInclude>
    <ClInclude Include="src\window.h">
      <Filter>Header Files</Filter>
    </ClInclude>
    <ClInclude Include="third_party\json\json.hpp">
      <Filter>Header Files</Filter>
    </ClInclude>
    <ClInclude Include="third_party\sqlite\sqlite-amalgamation-3460000\sqlite3.h">
      <Filter>Header Files</Filter>
    </ClInclude>
  </ItemGroup>
  <ItemGroup>
    <ClCompile Include="src\app_state.cpp">
      <Filter>Source Files</Filter>
    </ClCompile>
    <ClCompile Include="src\auth.cpp">
      <Filter>Source Files</Filter>
    </ClCompile>
    <ClCompile Include="src\call_ui.cpp">
      <Filter>Source Files</Filter>
    </ClCompile>
    <ClCompile Include="src\chat.cpp">
      <Filter>Source Files</Filter>
    </ClCompile>
    <ClCompile Include="src\database.cpp">
      <Filter>Source Files</Filter>
    </ClCompile>
    <ClCompile Include="src\layout_engine.cpp">
      <Filter>Source Files</Filter>
    </ClCompile>
    <ClCompile Include="src\main.cpp">
      <Filter>Source Files</Filter>
    </ClCompile>
    <ClCompile Include="src\media.cpp">
      <Filter>Source Files</Filter>
    </ClCompile>
    <ClCompile Include="src\network.cpp">
      <Filter>Source Files</Filter>
    </ClCompile>
    <ClCompile Include="src\notifications.cpp">
      <Filter>Source Files</Filter>
    </ClCompile>
    <ClCompile Include="src\render.cpp">
      <Filter>Source Files</Filter>
    </ClCompile>
    <ClCompile Include="src\socketio.cpp">
      <Filter>Source Files</Filter>
    </ClCompile>
    <ClCompile Include="src\theme.cpp">
      <Filter>Source Files</Filter>
    </ClCompile>
    <ClCompile Include="src\ui_components.cpp">
      <Filter>Source Files</Filter>
    </ClCompile>
    <ClCompile Include="src\webrtc.cpp">
      <Filter>Source Files</Filter>
    </ClCompile>
    <ClCompile Include="src\window.cpp">
      <Filter>Source Files</Filter>
    </ClCompile>
    <ClCompile Include="third_party\sqlite\sqlite-amalgamation-3460000\sqlite3.c">
      <Filter>Source Files</Filter>
    </ClCompile>
  </ItemGroup>
  <ItemGroup>
    <Manifest Include="manifests\TocaChat.manifest">
      <Filter>Resources</Filter>
    </Manifest>
    <ResourceCompile Include="resources\resources.rc">
      <Filter>Resources</Filter>
    </ResourceCompile>
    <None Include="docs\build-win32.md">
      <Filter>Docs</Filter>
    </None>
  </ItemGroup>
</Project>
